Microsoft Visual Studio Solution File, Format Version 12.00
# Visual Studio Version 16
VisualStudioVersion = 16.0.0.0
MinimumVisualStudioVersion = 16.0.0.0
Project("{9A19103F-16F7-4668-BE54-9A1E7A4F7556}") = "BlazorWASMHostedPWA.Server", "Server\BlazorWASMHostedPWA.Server.csproj", "{F21D5619-FADC-48DB-8121-974CEE33130A}"
EndProject
Project("{9A19103F-16F7-4668-BE54-9A1E7A4F7556}") = "BlazorWASMHostedPWA.Client", "Client\BlazorWASMHostedPWA.Client.csproj", "{DD7D4B72-94B7-4B24-88E6-B2B306868274}"
EndProject
Project("{9A19103F-16F7-4668-BE54-9A1E7A4F7556}") = "BlazorWASMHostedPWA.Shared", "Shared\BlazorWASMHostedPWA.Shared.csproj", "{1125C6C7-7D97-4359-9753-F64E7B5F917E}"
EndProject
Global
	GlobalSection(SolutionConfigurationPlatforms) = preSolution
		Debug|Any CPU = Debug|Any CPU
		Debug|x64 = Debug|x64
		Debug|x86 = Debug|x86
		Release|Any CPU = Release|Any CPU
		Release|x64 = Release|x64
		Release|x86 = Release|x86
	EndGlobalSection
	GlobalSection(ProjectConfigurationPlatforms) = postSolution
		{DD7D4B72-94B7-4B24-88E6-B2B306868274}.Debug|Any CPU.ActiveCfg = Debug|Any CPU
		{DD7D4B72-94B7-4B24-88E6-B2B306868274}.Debug|Any CPU.Build.0 = Debug|Any CPU
		{DD7D4B72-94B7-4B24-88E6-B2B306868274}.Debug|x64.ActiveCfg = Debug|Any CPU
		{DD7D4B72-94B7-4B24-88E6-B2B306868274}.Debug|x64.Build.0 = Debug|Any CPU
		{DD7D4B72-94B7-4B24-88E6-B2B306868274}.Debug|x86.ActiveCfg = Debug|Any CPU
		{DD7D4B72-94B7-4B24-88E6-B2B306868274}.Debug|x86.Build.0 = Debug|Any CPU
		{DD7D4B72-94B7-4B24-88E6-B2B306868274}.Release|Any CPU.ActiveCfg = Release|Any CPU
		{DD7D4B72-94B7-4B24-88E6-B2B306868274}.Release|Any CPU.Build.0 = Release|Any CPU
		{DD7D4B72-94B7-4B24-88E6-B2B306868274}.Release|x64.ActiveCfg = Release|Any CPU
		{DD7D4B72-94B7-4B24-88E6-B2B306868274}.Release|x64.Build.0 = Release|Any CPU
		{DD7D4B72-94B7-4B24-88E6-B2B306868274}.Release|x86.ActiveCfg = Release|Any CPU
		{DD7D4B72-94B7-4B24-88E6-B2B306868274}.Release|x86.Build.0 = Release|Any CPU
		{F21D5619-FADC-48DB-8121-974CEE33130A}.Debug|Any CPU.ActiveCfg = Debug|Any CPU
		{F21D5619-FADC-48DB-8121-974CEE33130A}.Debug|Any CPU.Build.0 = Debug|Any CPU
		{F21D5619-FADC-48DB-8121-974CEE33130A}.Debug|x64.ActiveCfg = Debug|Any CPU
		{F21D5619-FADC-48DB-8121-974CEE33130A}.Debug|x64.Build.0 = Debug|Any CPU
		{F21D5619-FADC-48DB-8121-974CEE33130A}.Debug|x86.ActiveCfg = Debug|Any CPU
		{F21D5619-FADC-48DB-8121-974CEE33130A}.Debug|x86.Build.0 = Debug|Any CPU
		{F21D5619-FADC-48DB-8121-974CEE33130A}.Release|Any CPU.ActiveCfg = Release|Any CPU
		{F21D5619-FADC-48DB-8121-974CEE33130A}.Release|Any CPU.Build.0 = Release|Any CPU
		{F21D5619-FADC-48DB-8121-974CEE33130A}.Release|x64.ActiveCfg = Release|Any CPU
		{F21D5619-FADC-48DB-8121-974CEE33130A}.Release|x64.Build.0 = Release|Any CPU
		{F21D5619-FADC-48DB-8121-974CEE33130A}.Release|x86.ActiveCfg = Release|Any CPU
		{F21D5619-FADC-48DB-8121-974CEE33130A}.Release|x86.Build.0 = Release|Any CPU
		{1125C6C7-7D97-4359-9753-F64E7B5F917E}.Debug|Any CPU.ActiveCfg = Debug|Any CPU
		{1125C6C7-7D97-4359-9753-F64E7B5F917E}.Debug|Any CPU.Build.0 = Debug|Any CPU
		{1125C6C7-7D97-4359-9753-F64E7B5F917E}.Debug|x64.ActiveCfg = Debug|Any CPU
		{1125C6C7-7D97-4359-9753-F64E7B5F917E}.Debug|x64.Build.0 = Debug|Any CPU
		{1125C6C7-7D97-4359-9753-F64E7B5F917E}.Debug|x86.ActiveCfg = Debug|Any CPU
		{1125C6C7-7D97-4359-9753-F64E7B5F917E}.Debug|x86.Build.0 = Debug|Any CPU
		{1125C6C7-7D97-4359-9753-F64E7B5F917E}.Release|Any CPU.ActiveCfg = Release|Any CPU
		{1125C6C7-7D97-4359-9753-F64E7B5F917E}.Release|Any CPU.Build.0 = Release|Any CPU
		{1125C6C7-7D97-4359-9753-F64E7B5F917E}.Release|x64.ActiveCfg = Release|Any CPU
		{1125C6C7-7D97-4359-9753-F64E7B5F917E}.Release|x64.Build.0 = Release|Any CPU
		{1125C6C7-7D97-4359-9753-F64E7B5F917E}.Release|x86.ActiveCfg = Release|Any CPU
		{1125C6C7-7D97-4359-9753-F64E7B5F917E}.Release|x86.Build.0 = Release|Any CPU
	EndGlobalSection
	GlobalSection(SolutionProperties) = preSolution
		HideSolutionNode = FALSE
	EndGlobalSection
	GlobalSection(ExtensibilityGlobals) = postSolution
		SolutionGuid = {A48F98B7-5470-4BCD-9A92-EF18B9D243A4}
	EndGlobalSection
EndGlobal